// !$*UTF8*$!
{
	archiveVersion = 1;
	classes = {
	};
	objectVersion = 46;
	objects = {

/* Begin PBXBuildFile section */
		25A0162C192E8AE100A9486C /* Foundation.framework in Frameworks */ = {isa = PBXBuildFile; fileRef = 25A0162B192E8AE100A9486C /* Foundation.framework */; };
		25A0162E192E8AE100A9486C /* CoreGraphics.framework in Frameworks */ = {isa = PBXBuildFile; fileRef = 25A0162D192E8AE100A9486C /* CoreGraphics.framework */; };
		25A01630192E8AE100A9486C /* UIKit.framework in Frameworks */ = {isa = PBXBuildFile; fileRef = 25A0162F192E8AE100A9486C /* UIKit.framework */; };
		25A01636192E8AE100A9486C /* InfoPlist.strings in Resources */ = {isa = PBXBuildFile; fileRef = 25A01634192E8AE100A9486C /* InfoPlist.strings */; };
		25A01638192E8AE100A9486C /* main.m in Sources */ = {isa = PBXBuildFile; fileRef = 25A01637192E8AE100A9486C /* main.m */; };
		25A0163C192E8AE100A9486C /* RVAppDelegate.m in Sources */ = {isa = PBXBuildFile; fileRef = 25A0163B192E8AE100A9486C /* RVAppDelegate.m */; };
		25A0163E192E8AE100A9486C /* Images.xcassets in Resources */ = {isa = PBXBuildFile; fileRef = 25A0163D192E8AE100A9486C /* Images.xcassets */; };
		25A01645192E8AE100A9486C /* XCTest.framework in Frameworks */ = {isa = PBXBuildFile; fileRef = 25A01644192E8AE100A9486C /* XCTest.framework */; };
		25A01646192E8AE100A9486C /* Foundation.framework in Frameworks */ = {isa = PBXBuildFile; fileRef = 25A0162B192E8AE100A9486C /* Foundation.framework */; };
		25A01647192E8AE100A9486C /* UIKit.framework in Frameworks */ = {isa = PBXBuildFile; fileRef = 25A0162F192E8AE100A9486C /* UIKit.framework */; };
		25A0164F192E8AE100A9486C /* InfoPlist.strings in Resources */ = {isa = PBXBuildFile; fileRef = 25A0164D192E8AE100A9486C /* InfoPlist.strings */; };
		25A01651192E8AE100A9486C /* RecognitorTests.m in Sources */ = {isa = PBXBuildFile; fileRef = 25A01650192E8AE100A9486C /* RecognitorTests.m */; };
/* End PBXBuildFile section */

/* Begin PBXContainerItemProxy section */
		25A01648192E8AE100A9486C /* PBXContainerItemProxy */ = {
			isa = PBXContainerItemProxy;
			containerPortal = 25A01620192E8AE100A9486C /* Project object */;
			proxyType = 1;
			remoteGlobalIDString = 25A01627192E8AE100A9486C;
			remoteInfo = Recognitor;
		};
/* End PBXContainerItemProxy section */

/* Begin PBXFileReference section */
		25A01628192E8AE100A9486C /* Recognitor.app */ = {isa = PBXFileReference; explicitFileType = wrapper.application; includeInIndex = 0; path = Recognitor.app; sourceTree = BUILT_PRODUCTS_DIR; };
		25A0162B192E8AE100A9486C /* Foundation.framework */ = {isa = PBXFileReference; lastKnownFileType = wrapper.framework; name = Foundation.framework; path = System/Library/Frameworks/Foundation.framework; sourceTree = SDKROOT; };
		25A0162D192E8AE100A9486C /* CoreGraphics.framework */ = {isa = PBXFileReference; lastKnownFileType = wrapper.framework; name = CoreGraphics.framework; path = System/Library/Frameworks/CoreGraphics.framework; sourceTree = SDKROOT; };
		25A0162F192E8AE100A9486C /* UIKit.framework */ = {isa = PBXFileReference; lastKnownFileType = wrapper.framework; name = UIKit.framework; path = System/Library/Frameworks/UIKit.framework; sourceTree = SDKROOT; };
		25A01633192E8AE100A9486C /* Recognitor-Info.plist */ = {isa = PBXFileReference; lastKnownFileType = text.plist.xml; path = "Recognitor-Info.plist"; sourceTree = "<group>"; };
		25A01635192E8AE100A9486C /* en */ = {isa = PBXFileReference; lastKnownFileType = text.plist.strings; name = en; path = en.lproj/InfoPlist.strings; sourceTree = "<group>"; };
		25A01637192E8AE100A9486C /* main.m */ = {isa = PBXFileReference; lastKnownFileType = sourcecode.c.objc; path = main.m; sourceTree = "<group>"; };
		25A01639192E8AE100A9486C /* Recognitor-Prefix.pch */ = {isa = PBXFileReference; lastKnownFileType = sourcecode.c.h; path = "Recognitor-Prefix.pch"; sourceTree = "<group>"; };
		25A0163A192E8AE100A9486C /* RVAppDelegate.h */ = {isa = PBXFileReference; lastKnownFileType = sourcecode.c.h; path = RVAppDelegate.h; sourceTree = "<group>"; };
		25A0163B192E8AE100A9486C /* RVAppDelegate.m */ = {isa = PBXFileReference; lastKnownFileType = sourcecode.c.objc; path = RVAppDelegate.m; sourceTree = "<group>"; };
		25A0163D192E8AE100A9486C /* Images.xcassets */ = {isa = PBXFileReference; lastKnownFileType = folder.assetcatalog; path = Images.xcassets; sourceTree = "<group>"; };
		25A01643192E8AE100A9486C /* RecognitorTests.xctest */ = {isa = PBXFileReference; explicitFileType = wrapper.cfbundle; includeInIndex = 0; path = RecognitorTests.xctest; sourceTree = BUILT_PRODUCTS_DIR; };
		25A01644192E8AE100A9486C /* XCTest.framework */ = {isa = PBXFileReference; lastKnownFileType = wrapper.framework; name = XCTest.framework; path = Library/Frameworks/XCTest.framework; sourceTree = DEVELOPER_DIR; };
		25A0164C192E8AE100A9486C /* RecognitorTests-Info.plist */ = {isa = PBXFileReference; lastKnownFileType = text.plist.xml; path = "RecognitorTests-Info.plist"; sourceTree = "<group>"; };
		25A0164E192E8AE100A9486C /* en */ = {isa = PBXFileReference; lastKnownFileType = text.plist.strings; name = en; path = en.lproj/InfoPlist.strings; sourceTree = "<group>"; };
		25A01650192E8AE100A9486C /* RecognitorTests.m */ = {isa = PBXFileReference; lastKnownFileType = sourcecode.c.objc; path = RecognitorTests.m; sourceTree = "<group>"; };
/* End PBXFileReference section */

/* Begin PBXFrameworksBuildPhase section */
		25A01625192E8AE100A9486C /* Frameworks */ = {
			isa = PBXFrameworksBuildPhase;
			buildActionMask = 2147483647;
			files = (
				25A0162E192E8AE100A9486C /* CoreGraphics.framework in Frameworks */,
				25A01630192E8AE100A9486C /* UIKit.framework in Frameworks */,
				25A0162C192E8AE100A9486C /* Foundation.framework in Frameworks */,
			);
			runOnlyForDeploymentPostprocessing = 0;
		};
		25A01640192E8AE100A9486C /* Frameworks */ = {
			isa = PBXFrameworksBuildPhase;
			buildActionMask = 2147483647;
			files = (
				25A01645192E8AE100A9486C /* XCTest.framework in Frameworks */,
				25A01647192E8AE100A9486C /* UIKit.framework in Frameworks */,
				25A01646192E8AE100A9486C /* Foundation.framework in Frameworks */,
			);
			runOnlyForDeploymentPostprocessing = 0;
		};
/* End PBXFrameworksBuildPhase section */

/* Begin PBXGroup section */
		25A0161F192E8AE100A9486C = {
			isa = PBXGroup;
			children = (
				25A01631192E8AE100A9486C /* Recognitor */,
				25A0164A192E8AE100A9486C /* RecognitorTests */,
				25A0162A192E8AE100A9486C /* Frameworks */,
				25A01629192E8AE100A9486C /* Products */,
			);
			sourceTree = "<group>";
		};
		25A01629192E8AE100A9486C /* Products */ = {
			isa = PBXGroup;
			children = (
				25A01628192E8AE100A9486C /* Recognitor.app */,
				25A01643192E8AE100A9486C /* RecognitorTests.xctest */,
			);
			name = Products;
			sourceTree = "<group>";
		};
		25A0162A192E8AE100A9486C /* Frameworks */ = {
			isa = PBXGroup;
			children = (
				25A0162B192E8AE100A9486C /* Foundation.framework */,
				25A0162D192E8AE100A9486C /* CoreGraphics.framework */,
				25A0162F192E8AE100A9486C /* UIKit.framework */,
				25A01644192E8AE100A9486C /* XCTest.framework */,
			);
			name = Frameworks;
			sourceTree = "<group>";
		};
		25A01631192E8AE100A9486C /* Recognitor */ = {
			isa = PBXGroup;
			children = (
				25A0163A192E8AE100A9486C /* RVAppDelegate.h */,
				25A0163B192E8AE100A9486C /* RVAppDelegate.m */,
				25A0163D192E8AE100A9486C /* Images.xcassets */,
				25A01632192E8AE100A9486C /* Supporting Files */,
			);
			path = Recognitor;
			sourceTree = "<group>";
		};
		25A01632192E8AE100A9486C /* Supporting Files */ = {
			isa = PBXGroup;
			children = (
				25A01633192E8AE100A9486C /* Recognitor-Info.plist */,
				25A01634192E8AE100A9486C /* InfoPlist.strings */,
				25A01637192E8AE100A9486C /* main.m */,
				25A01639192E8AE100A9486C /* Recognitor-Prefix.pch */,
			);
			name = "Supporting Files";
			sourceTree = "<group>";
		};
		25A0164A192E8AE100A9486C /* RecognitorTests */ = {
			isa = PBXGroup;
			children = (
				25A01650192E8AE100A9486C /* RecognitorTests.m */,
				25A0164B192E8AE100A9486C /* Supporting Files */,
			);
			path = RecognitorTests;
			sourceTree = "<group>";
		};
		25A0164B192E8AE100A9486C /* Supporting Files */ = {
			isa = PBXGroup;
			children = (
				25A0164C192E8AE100A9486C /* RecognitorTests-Info.plist */,
				25A0164D192E8AE100A9486C /* InfoPlist.strings */,
			);
			name = "Supporting Files";
			sourceTree = "<group>";
		};
/* End PBXGroup section */

/* Begin PBXNativeTarget section */
		25A01627192E8AE100A9486C /* Recognitor */ = {
			isa = PBXNativeTarget;
			buildConfigurationList = 25A01654192E8AE100A9486C /* Build configuration list for PBXNativeTarget "Recognitor" */;
			buildPhases = (
				25A01624192E8AE100A9486C /* Sources */,
				25A01625192E8AE100A9486C /* Frameworks */,
				25A01626192E8AE100A9486C /* Resources */,
			);
			buildRules = (
			);
			dependencies = (
			);
			name = Recognitor;
			productName = Recognitor;
			productReference = 25A01628192E8AE100A9486C /* Recognitor.app */;
			productType = "com.apple.product-type.application";
		};
		25A01642192E8AE100A9486C /* RecognitorTests */ = {
			isa = PBXNativeTarget;
			buildConfigurationList = 25A01657192E8AE100A9486C /* Build configuration list for PBXNativeTarget "RecognitorTests" */;
			buildPhases = (
				25A0163F192E8AE100A9486C /* Sources */,
				25A01640192E8AE100A9486C /* Frameworks */,
				25A01641192E8AE100A9486C /* Resources */,
			);
			buildRules = (
			);
			dependencies = (
				25A01649192E8AE100A9486C /* PBXTargetDependency */,
			);
			name = RecognitorTests;
			productName = RecognitorTests;
			productReference = 25A01643192E8AE100A9486C /* RecognitorTests.xctest */;
			productType = "com.apple.product-type.bundle.unit-test";
		};
/* End PBXNativeTarget section */

/* Begin PBXProject section */
		25A01620192E8AE100A9486C /* Project object */ = {
			isa = PBXProject;
			attributes = {
				CLASSPREFIX = RV;
				LastUpgradeCheck = 0510;
				ORGANIZATIONNAME = NeoSmartVision;
				TargetAttributes = {
					25A01642192E8AE100A9486C = {
						TestTargetID = 25A01627192E8AE100A9486C;
					};
				};
			};
			buildConfigurationList = 25A01623192E8AE100A9486C /* Build configuration list for PBXProject "Recognitor" */;
			compatibilityVersion = "Xcode 3.2";
			developmentRegion = English;
			hasScannedForEncodings = 0;
			knownRegions = (
				en,
			);
			mainGroup = 25A0161F192E8AE100A9486C;
			productRefGroup = 25A01629192E8AE100A9486C /* Products */;
			projectDirPath = "";
			projectRoot = "";
			targets = (
				25A01627192E8AE100A9486C /* Recognitor */,
				25A01642192E8AE100A9486C /* RecognitorTests */,
			);
		};
/* End PBXProject section */

/* Begin PBXResourcesBuildPhase section */
		25A01626192E8AE100A9486C /* Resources */ = {
			isa = PBXResourcesBuildPhase;
			buildActionMask = 2147483647;
			files = (
				25A01636192E8AE100A9486C /* InfoPlist.strings in Resources */,
				25A0163E192E8AE100A9486C /* Images.xcassets in Resources */,
			);
			runOnlyForDeploymentPostprocessing = 0;
		};
		25A01641192E8AE100A9486C /* Resources */ = {
			isa = PBXResourcesBuildPhase;
			buildActionMask = 2147483647;
			files = (
				25A0164F192E8AE100A9486C /* InfoPlist.strings in Resources */,
			);
			runOnlyForDeploymentPostprocessing = 0;
		};
/* End PBXResourcesBuildPhase section */

/* Begin PBXSourcesBuildPhase section */
		25A01624192E8AE100A9486C /* Sources */ = {
			isa = PBXSourcesBuildPhase;
			buildActionMask = 2147483647;
			files = (
				25A0163C192E8AE100A9486C /* RVAppDelegate.m in Sources */,
				25A01638192E8AE100A9486C /* main.m in Sources */,
			);
			runOnlyForDeploymentPostprocessing = 0;
		};
		25A0163F192E8AE100A9486C /* Sources */ = {
			isa = PBXSourcesBuildPhase;
			buildActionMask = 2147483647;
			files = (
				25A01651192E8AE100A9486C /* RecognitorTests.m in Sources */,
			);
			runOnlyForDeploymentPostprocessing = 0;
		};
/* End PBXSourcesBuildPhase section */

/* Begin PBXTargetDependency section */
		25A01649192E8AE100A9486C /* PBXTargetDependency */ = {
			isa = PBXTargetDependency;
			target = 25A01627192E8AE100A9486C /* Recognitor */;
			targetProxy = 25A01648192E8AE100A9486C /* PBXContainerItemProxy */;
		};
/* End PBXTargetDependency section */

/* Begin PBXVariantGroup section */
		25A01634192E8AE100A9486C /* InfoPlist.strings */ = {
			isa = PBXVariantGroup;
			children = (
				25A01635192E8AE100A9486C /* en */,
			);
			name = InfoPlist.strings;
			sourceTree = "<group>";
		};
		25A0164D192E8AE100A9486C /* InfoPlist.strings */ = {
			isa = PBXVariantGroup;
			children = (
				25A0164E192E8AE100A9486C /* en */,
			);
			name = InfoPlist.strings;
			sourceTree = "<group>";
		};
/* End PBXVariantGroup section */

/* Begin XCBuildConfiguration section */
		25A01652192E8AE100A9486C /* Debug */ = {
			isa = XCBuildConfiguration;
			buildSettings = {
				ALWAYS_SEARCH_USER_PATHS = NO;
				CLANG_CXX_LANGUAGE_STANDARD = "gnu++0x";
				CLANG_CXX_LIBRARY = "libc++";
				CLANG_ENABLE_MODULES = YES;
				CLANG_ENABLE_OBJC_ARC = YES;
				CLANG_WARN_BOOL_CONVERSION = YES;
				CLANG_WARN_CONSTANT_CONVERSION = YES;
				CLANG_WARN_DIRECT_OBJC_ISA_USAGE = YES_ERROR;
				CLANG_WARN_EMPTY_BODY = YES;
				CLANG_WARN_ENUM_CONVERSION = YES;
				CLANG_WARN_INT_CONVERSION = YES;
				CLANG_WARN_OBJC_ROOT_CLASS = YES_ERROR;
				CLANG_WARN__DUPLICATE_METHOD_MATCH = YES;
				"CODE_SIGN_IDENTITY[sdk=iphoneos*]" = "iPhone Developer";
				COPY_PHASE_STRIP = NO;
				GCC_C_LANGUAGE_STANDARD = gnu99;
				GCC_DYNAMIC_NO_PIC = NO;
				GCC_OPTIMIZATION_LEVEL = 0;
				GCC_PREPROCESSOR_DEFINITIONS = (
					"DEBUG=1",
					"$(inherited)",
				);
				GCC_SYMBOLS_PRIVATE_EXTERN = NO;
				GCC_WARN_64_TO_32_BIT_CONVERSION = YES;
				GCC_WARN_ABOUT_RETURN_TYPE = YES_ERROR;
				GCC_WARN_UNDECLARED_SELECTOR = YES;
				GCC_WARN_UNINITIALIZED_AUTOS = YES_AGGRESSIVE;
				GCC_WARN_UNUSED_FUNCTION = YES;
				GCC_WARN_UNUSED_VARIABLE = YES;
				IPHONEOS_DEPLOYMENT_TARGET = 7.1;
				ONLY_ACTIVE_ARCH = YES;
				SDKROOT = iphoneos;
			};
			name = Debug;
		};
		25A01653192E8AE100A9486C /* Release */ = {
			isa = XCBuildConfiguration;
			buildSettings = {
				ALWAYS_SEARCH_USER_PATHS = NO;
				CLANG_CXX_LANGUAGE_STANDARD = "gnu++0x";
				CLANG_CXX_LIBRARY = "libc++";
				CLANG_ENABLE_MODULES = YES;
				CLANG_ENABLE_OBJC_ARC = YES;
				CLANG_WARN_BOOL_CONVERSION = YES;
				CLANG_WARN_CONSTANT_CONVERSION = YES;
				CLANG_WARN_DIRECT_OBJC_ISA_USAGE = YES_ERROR;
				CLANG_WARN_EMPTY_BODY = YES;
				CLANG_WARN_ENUM_CONVERSION = YES;
				CLANG_WARN_INT_CONVERSION = YES;
				CLANG_WARN_OBJC_ROOT_CLASS = YES_ERROR;
				CLANG_WARN__DUPLICATE_METHOD_MATCH = YES;
				"CODE_SIGN_IDENTITY[sdk=iphoneos*]" = "iPhone Developer";
				COPY_PHASE_STRIP = YES;
				ENABLE_NS_ASSERTIONS = NO;
				GCC_C_LANGUAGE_STANDARD = gnu99;
				GCC_WARN_64_TO_32_BIT_CONVERSION = YES;
				GCC_WARN_ABOUT_RETURN_TYPE = YES_ERROR;
				GCC_WARN_UNDECLARED_SELECTOR = YES;
				GCC_WARN_UNINITIALIZED_AUTOS = YES_AGGRESSIVE;
				GCC_WARN_UNUSED_FUNCTION = YES;
				GCC_WARN_UNUSED_VARIABLE = YES;
				IPHONEOS_DEPLOYMENT_TARGET = 7.1;
				SDKROOT = iphoneos;
				VALIDATE_PRODUCT = YES;
			};
			name = Release;
		};
		25A01655192E8AE100A9486C /* Debug */ = {
			isa = XCBuildConfiguration;
			buildSettings = {
				ASSETCATALOG_COMPILER_APPICON_NAME = AppIcon;
				ASSETCATALOG_COMPILER_LAUNCHIMAGE_NAME = LaunchImage;
				GCC_PRECOMPILE_PREFIX_HEADER = YES;
				GCC_PREFIX_HEADER = "Recognitor/Recognitor-Prefix.pch";
				INFOPLIST_FILE = "Recognitor/Recognitor-Info.plist";
				PRODUCT_NAME = "$(TARGET_NAME)";
				WRAPPER_EXTENSION = app;
			};
			name = Debug;
		};
		25A01656192E8AE100A9486C /* Release */ = {
			isa = XCBuildConfiguration;
			buildSettings = {
				ASSETCATALOG_COMPILER_APPICON_NAME = AppIcon;
				ASSETCATALOG_COMPILER_LAUNCHIMAGE_NAME = LaunchImage;
				GCC_PRECOMPILE_PREFIX_HEADER = YES;
				GCC_PREFIX_HEADER = "Recognitor/Recognitor-Prefix.pch";
				INFOPLIST_FILE = "Recognitor/Recognitor-Info.plist";
				PRODUCT_NAME = "$(TARGET_NAME)";
				WRAPPER_EXTENSION = app;
			};
			name = Release;
		};
		25A01658192E8AE100A9486C /* Debug */ = {
			isa = XCBuildConfiguration;
			buildSettings = {
				BUNDLE_LOADER = "$(BUILT_PRODUCTS_DIR)/Recognitor.app/Recognitor";
				FRAMEWORK_SEARCH_PATHS = (
					"$(SDKROOT)/Developer/Library/Frameworks",
					"$(inherited)",
					"$(DEVELOPER_FRAMEWORKS_DIR)",
				);
				GCC_PRECOMPILE_PREFIX_HEADER = YES;
				GCC_PREFIX_HEADER = "Recognitor/Recognitor-Prefix.pch";
				GCC_PREPROCESSOR_DEFINITIONS = (
					"DEBUG=1",
					"$(inherited)",
				);
				INFOPLIST_FILE = "RecognitorTests/RecognitorTests-Info.plist";
				PRODUCT_NAME = "$(TARGET_NAME)";
				TEST_HOST = "$(BUNDLE_LOADER)";
				WRAPPER_EXTENSION = xctest;
			};
			name = Debug;
		};
		25A01659192E8AE100A9486C /* Release */ = {
			isa = XCBuildConfiguration;
			buildSettings = {
				BUNDLE_LOADER = "$(BUILT_PRODUCTS_DIR)/Recognitor.app/Recognitor";
				FRAMEWORK_SEARCH_PATHS = (
					"$(SDKROOT)/Developer/Library/Frameworks",
					"$(inherited)",
					"$(DEVELOPER_FRAMEWORKS_DIR)",
				);
				GCC_PRECOMPILE_PREFIX_HEADER = YES;
				GCC_PREFIX_HEADER = "Recognitor/Recognitor-Prefix.pch";
				INFOPLIST_FILE = "RecognitorTests/RecognitorTests-Info.plist";
				PRODUCT_NAME = "$(TARGET_NAME)";
				TEST_HOST = "$(BUNDLE_LOADER)";
				WRAPPER_EXTENSION = xctest;
			};
			name = Release;
		};
/* End XCBuildConfiguration section */

/* Begin XCConfigurationList section */
		25A01623192E8AE100A9486C /* Build configuration list for PBXProject "Recognitor" */ = {
			isa = XCConfigurationList;
			buildConfigurations = (
				25A01652192E8AE100A9486C /* Debug */,
				25A01653192E8AE100A9486C /* Release */,
			);
			defaultConfigurationIsVisible = 0;
			defaultConfigurationName = Release;
		};
		25A01654192E8AE100A9486C /* Build configuration list for PBXNativeTarget "Recognitor" */ = {
			isa = XCConfigurationList;
			buildConfigurations = (
				25A01655192E8AE100A9486C /* Debug */,
				25A01656192E8AE100A9486C /* Release */,
			);
			defaultConfigurationIsVisible = 0;
		};
		25A01657192E8AE100A9486C /* Build configuration list for PBXNativeTarget "RecognitorTests" */ = {
			isa = XCConfigurationList;
			buildConfigurations = (
				25A01658192E8AE100A9486C /* Debug */,
				25A01659192E8AE100A9486C /* Release */,
			);
			defaultConfigurationIsVisible = 0;
		};
/* End XCConfigurationList section */
	};
	rootObject = 25A01620192E8AE100A9486C /* Project object */;
}
